
Microsoft Visual Studio Solution File, Format Version 12.00
# Visual Studio Version 16
VisualStudioVersion = 16.0.31005.135
MinimumVisualStudioVersion = 10.0.40219.1
Project("{FAE04EC0-301F-11D3-BF4B-00C04F79EFBC}") = "prmToolkit.EF.RepositoryBase", "prmToolkit.EF.RepositoryBase.csproj", "{C1EB550E-CF8C-457B-94FB-FF0D33EE4D3C}"
EndProject
Global
	GlobalSection(SolutionConfigurationPlatforms) = preSolution
		Debug|Any CPU = Debug|Any CPU
		Release|Any CPU = Release|Any CPU
	EndGlobalSection
	GlobalSection(ProjectConfigurationPlatforms) = postSolution
		{C1EB550E-CF8C-457B-94FB-FF0D33EE4D3C}.Debug|Any CPU.ActiveCfg = Debug|Any CPU
		{C1EB550E-CF8C-457B-94FB-FF0D33EE4D3C}.Debug|Any CPU.Build.0 = Debug|Any CPU
		{C1EB550E-CF8C-457B-94FB-FF0D33EE4D3C}.Release|Any CPU.ActiveCfg = Release|Any CPU
		{C1EB550E-CF8C-457B-94FB-FF0D33EE4D3C}.Release|Any CPU.Build.0 = Release|Any CPU
	EndGlobalSection
	GlobalSection(SolutionProperties) = preSolution
		HideSolutionNode = FALSE
	EndGlobalSection
	GlobalSection(ExtensibilityGlobals) = postSolution
		SolutionGuid = {8577C3BE-3E40-49B4-94B3-26CA042FDE97}
	EndGlobalSection
EndGlobal
